// !$*UTF8*$!
{
	archiveVersion = 1;
	classes = {
	};
	objectVersion = 46;
	objects = {

/* Begin PBXBuildFile section */
		87BE1D981B1F689F00762D34 /* function_tree_test.cpp in Sources */ = {isa = PBXBuildFile; fileRef = 87BE1D971B1F689F00762D34 /* function_tree_test.cpp */; };
		87BE1D9A1B1F8DA500762D34 /* class_test.cpp in Sources */ = {isa = PBXBuildFile; fileRef = 87BE1D991B1F8DA500762D34 /* class_test.cpp */; };
/* End PBXBuildFile section */

/* Begin PBXCopyFilesBuildPhase section */
		87BE1D731B1F66D900762D34 /* CopyFiles */ = {
			isa = PBXCopyFilesBuildPhase;
			buildActionMask = 2147483647;
			dstPath = /usr/share/man/man1/;
			dstSubfolderSpec = 0;
			files = (
			);
			runOnlyForDeploymentPostprocessing = 1;
		};
/* End PBXCopyFilesBuildPhase section */

/* Begin PBXFileReference section */
		87BE1D751B1F66D900762D34 /* Function_Tree_Test */ = {isa = PBXFileReference; explicitFileType = "compiled.mach-o.executable"; includeInIndex = 0; path = Function_Tree_Test; sourceTree = BUILT_PRODUCTS_DIR; };
		87BE1D801B1F685600762D34 /* function_parsing.hpp */ = {isa = PBXFileReference; fileEncoding = 4; lastKnownFileType = sourcecode.cpp.h; path = function_parsing.hpp; sourceTree = "<group>"; };
		87BE1D811B1F685600762D34 /* node.hpp */ = {isa = PBXFileReference; fileEncoding = 4; lastKnownFileType = sourcecode.cpp.h; path = node.hpp; sourceTree = "<group>"; };
		87BE1D831B1F685600762D34 /* binary_operator.hpp */ = {isa = PBXFileReference; fileEncoding = 4; lastKnownFileType = sourcecode.cpp.h; path = binary_operator.hpp; sourceTree = "<group>"; };
		87BE1D841B1F685600762D34 /* expon_operator.hpp */ = {isa = PBXFileReference; fileEncoding = 4; lastKnownFileType = sourcecode.cpp.h; path = expon_operator.hpp; sourceTree = "<group>"; };
		87BE1D851B1F685600762D34 /* mult_operator.hpp */ = {isa = PBXFileReference; fileEncoding = 4; lastKnownFileType = sourcecode.cpp.h; path = mult_operator.hpp; sourceTree = "<group>"; };
		87BE1D861B1F685600762D34 /* nary_operator.hpp */ = {isa = PBXFileReference; fileEncoding = 4; lastKnownFileType = sourcecode.cpp.h; path = nary_operator.hpp; sourceTree = "<group>"; };
		87BE1D871B1F685600762D34 /* negate_operator.hpp */ = {isa = PBXFileReference; fileEncoding = 4; lastKnownFileType = sourcecode.cpp.h; path = negate_operator.hpp; sourceTree = "<group>"; };
		87BE1D881B1F685600762D34 /* operator.hpp */ = {isa = PBXFileReference; fileEncoding = 4; lastKnownFileType = sourcecode.cpp.h; path = operator.hpp; sourceTree = "<group>"; };
		87BE1D891B1F685600762D34 /* power_operator.hpp */ = {isa = PBXFileReference; fileEncoding = 4; lastKnownFileType = sourcecode.cpp.h; path = power_operator.hpp; sourceTree = "<group>"; };
		87BE1D8A1B1F685600762D34 /* sum_operator.hpp */ = {isa = PBXFileReference; fileEncoding = 4; lastKnownFileType = sourcecode.cpp.h; path = sum_operator.hpp; sourceTree = "<group>"; };
		87BE1D8B1B1F685600762D34 /* unary_operator.hpp */ = {isa = PBXFileReference; fileEncoding = 4; lastKnownFileType = sourcecode.cpp.h; path = unary_operator.hpp; sourceTree = "<group>"; };
		87BE1D8D1B1F685600762D34 /* function.hpp */ = {isa = PBXFileReference; fileEncoding = 4; lastKnownFileType = sourcecode.cpp.h; path = function.hpp; sourceTree = "<group>"; };
		87BE1D8F1B1F685600762D34 /* number.hpp */ = {isa = PBXFileReference; fileEncoding = 4; lastKnownFileType = sourcecode.cpp.h; path = number.hpp; sourceTree = "<group>"; };
		87BE1D901B1F685600762D34 /* symbol.hpp */ = {isa = PBXFileReference; fileEncoding = 4; lastKnownFileType = sourcecode.cpp.h; path = symbol.hpp; sourceTree = "<group>"; };
		87BE1D911B1F685600762D34 /* variable.hpp */ = {isa = PBXFileReference; fileEncoding = 4; lastKnownFileType = sourcecode.cpp.h; path = variable.hpp; sourceTree = "<group>"; };
		87BE1D921B1F685600762D34 /* bertini.hpp */ = {isa = PBXFileReference; fileEncoding = 4; lastKnownFileType = sourcecode.cpp.h; name = bertini.hpp; path = ../../../core/include/bertini.hpp; sourceTree = "<group>"; };
		87BE1D931B1F685600762D34 /* function_tree.hpp */ = {isa = PBXFileReference; fileEncoding = 4; lastKnownFileType = sourcecode.cpp.h; name = function_tree.hpp; path = ../../../core/include/function_tree.hpp; sourceTree = "<group>"; };
		87BE1D941B1F685600762D34 /* mpfr_complex.hpp */ = {isa = PBXFileReference; fileEncoding = 4; lastKnownFileType = sourcecode.cpp.h; name = mpfr_complex.hpp; path = ../../core/include/mpfr_complex.hpp; sourceTree = "<group>"; };
		87BE1D951B1F685600762D34 /* mpfr_extensions.hpp */ = {isa = PBXFileReference; fileEncoding = 4; lastKnownFileType = sourcecode.cpp.h; name = mpfr_extensions.hpp; path = ../../../core/include/mpfr_extensions.hpp; sourceTree = "<group>"; };
		87BE1D961B1F685600762D34 /* system.hpp */ = {isa = PBXFileReference; fileEncoding = 4; lastKnownFileType = sourcecode.cpp.h; name = system.hpp; path = ../../../core/include/system.hpp; sourceTree = "<group>"; };
		87BE1D971B1F689F00762D34 /* function_tree_test.cpp */ = {isa = PBXFileReference; fileEncoding = 4; lastKnownFileType = sourcecode.cpp.cpp; name = function_tree_test.cpp; path = ../../../core/src/test/classes/function_tree_test.cpp; sourceTree = "<group>"; };
		87BE1D991B1F8DA500762D34 /* class_test.cpp */ = {isa = PBXFileReference; fileEncoding = 4; lastKnownFileType = sourcecode.cpp.cpp; name = class_test.cpp; path = ../../../core/src/test/classes/class_test.cpp; sourceTree = "<group>"; };
		87BE1D9C1B1FA00700762D34 /* complex_test.cpp */ = {isa = PBXFileReference; fileEncoding = 4; lastKnownFileType = sourcecode.cpp.cpp; name = complex_test.cpp; path = ../../core/src/test/classes/complex_test.cpp; sourceTree = "<group>"; };
		87BE1DAA1B20E0FC00762D34 /* sin_operator.hpp */ = {isa = PBXFileReference; lastKnownFileType = sourcecode.cpp.h; path = sin_operator.hpp; sourceTree = "<group>"; };
		87BE1DB01B22135F00762D34 /* cos_operator.hpp */ = {isa = PBXFileReference; fileEncoding = 4; lastKnownFileType = sourcecode.cpp.h; path = cos_operator.hpp; sourceTree = "<group>"; };
		87BE1DB11B22135F00762D34 /* exp_operator.hpp */ = {isa = PBXFileReference; fileEncoding = 4; lastKnownFileType = sourcecode.cpp.h; path = exp_operator.hpp; sourceTree = "<group>"; };
		87BE1DB21B22135F00762D34 /* sqrt_operator.hpp */ = {isa = PBXFileReference; fileEncoding = 4; lastKnownFileType = sourcecode.cpp.h; path = sqrt_operator.hpp; sourceTree = "<group>"; };
		87BE1DB31B22135F00762D34 /* tan_operator.hpp */ = {isa = PBXFileReference; fileEncoding = 4; lastKnownFileType = sourcecode.cpp.h; path = tan_operator.hpp; sourceTree = "<group>"; };
		87BE1DB41B22136500762D34 /* special_numbers.hpp */ = {isa = PBXFileReference; fileEncoding = 4; lastKnownFileType = sourcecode.cpp.h; path = special_numbers.hpp; sourceTree = "<group>"; };
/* End PBXFileReference section */

/* Begin PBXFrameworksBuildPhase section */
		87BE1D721B1F66D900762D34 /* Frameworks */ = {
			isa = PBXFrameworksBuildPhase;
			buildActionMask = 2147483647;
			files = (
			);
			runOnlyForDeploymentPostprocessing = 0;
		};
/* End PBXFrameworksBuildPhase section */

/* Begin PBXGroup section */
		87BE1D6C1B1F66D900762D34 = {
			isa = PBXGroup;
			children = (
				87BE1D9B1B1F9FD900762D34 /* Complex_Class */,
				87BE1D771B1F66D900762D34 /* Function_Tree_Test */,
				87BE1D761B1F66D900762D34 /* Products */,
			);
			sourceTree = "<group>";
		};
		87BE1D761B1F66D900762D34 /* Products */ = {
			isa = PBXGroup;
			children = (
				87BE1D751B1F66D900762D34 /* Function_Tree_Test */,
			);
			name = Products;
			sourceTree = "<group>";
		};
		87BE1D771B1F66D900762D34 /* Function_Tree_Test */ = {
			isa = PBXGroup;
			children = (
				87BE1D971B1F689F00762D34 /* function_tree_test.cpp */,
				87BE1D7F1B1F685600762D34 /* function_tree */,
				87BE1D991B1F8DA500762D34 /* class_test.cpp */,
				87BE1D921B1F685600762D34 /* bertini.hpp */,
				87BE1D931B1F685600762D34 /* function_tree.hpp */,
				87BE1D951B1F685600762D34 /* mpfr_extensions.hpp */,
				87BE1D961B1F685600762D34 /* system.hpp */,
			);
			path = Function_Tree_Test;
			sourceTree = "<group>";
		};
		87BE1D7F1B1F685600762D34 /* function_tree */ = {
			isa = PBXGroup;
			children = (
				87BE1D801B1F685600762D34 /* function_parsing.hpp */,
				87BE1D811B1F685600762D34 /* node.hpp */,
				87BE1D821B1F685600762D34 /* operators */,
				87BE1D8C1B1F685600762D34 /* roots */,
				87BE1D8E1B1F685600762D34 /* symbols */,
			);
			name = function_tree;
			path = ../../../core/include/function_tree;
			sourceTree = "<group>";
		};
		87BE1D821B1F685600762D34 /* operators */ = {
			isa = PBXGroup;
			children = (
				87BE1DB01B22135F00762D34 /* cos_operator.hpp */,
				87BE1DB11B22135F00762D34 /* exp_operator.hpp */,
				87BE1DB21B22135F00762D34 /* sqrt_operator.hpp */,
				87BE1DB31B22135F00762D34 /* tan_operator.hpp */,
				87BE1D831B1F685600762D34 /* binary_operator.hpp */,
				87BE1D841B1F685600762D34 /* expon_operator.hpp */,
				87BE1D851B1F685600762D34 /* mult_operator.hpp */,
				87BE1D861B1F685600762D34 /* nary_operator.hpp */,
				87BE1D871B1F685600762D34 /* negate_operator.hpp */,
				87BE1D881B1F685600762D34 /* operator.hpp */,
				87BE1D891B1F685600762D34 /* power_operator.hpp */,
				87BE1D8A1B1F685600762D34 /* sum_operator.hpp */,
				87BE1D8B1B1F685600762D34 /* unary_operator.hpp */,
				87BE1DAA1B20E0FC00762D34 /* sin_operator.hpp */,
			);
			path = operators;
			sourceTree = "<group>";
		};
		87BE1D8C1B1F685600762D34 /* roots */ = {
			isa = PBXGroup;
			children = (
				87BE1D8D1B1F685600762D34 /* function.hpp */,
			);
			path = roots;
			sourceTree = "<group>";
		};
		87BE1D8E1B1F685600762D34 /* symbols */ = {
			isa = PBXGroup;
			children = (
				87BE1DB41B22136500762D34 /* special_numbers.hpp */,
				87BE1D8F1B1F685600762D34 /* number.hpp */,
				87BE1D901B1F685600762D34 /* symbol.hpp */,
				87BE1D911B1F685600762D34 /* variable.hpp */,
			);
			path = symbols;
			sourceTree = "<group>";
		};
		87BE1D9B1B1F9FD900762D34 /* Complex_Class */ = {
			isa = PBXGroup;
			children = (
				87BE1D9C1B1FA00700762D34 /* complex_test.cpp */,
				87BE1D941B1F685600762D34 /* mpfr_complex.hpp */,
			);
			name = Complex_Class;
			sourceTree = "<group>";
		};
/* End PBXGroup section */

/* Begin PBXNativeTarget section */
		87BE1D741B1F66D900762D34 /* Function_Tree_Test */ = {
			isa = PBXNativeTarget;
			buildConfigurationList = 87BE1D7C1B1F66D900762D34 /* Build configuration list for PBXNativeTarget "Function_Tree_Test" */;
			buildPhases = (
				87BE1D711B1F66D900762D34 /* Sources */,
				87BE1D721B1F66D900762D34 /* Frameworks */,
				87BE1D731B1F66D900762D34 /* CopyFiles */,
			);
			buildRules = (
			);
			dependencies = (
			);
			name = Function_Tree_Test;
			productName = Function_Tree_Test;
			productReference = 87BE1D751B1F66D900762D34 /* Function_Tree_Test */;
			productType = "com.apple.product-type.tool";
		};
/* End PBXNativeTarget section */

/* Begin PBXProject section */
		87BE1D6D1B1F66D900762D34 /* Project object */ = {
			isa = PBXProject;
			attributes = {
				LastUpgradeCheck = 0610;
				ORGANIZATIONNAME = "West Texas A&M University";
				TargetAttributes = {
					87BE1D741B1F66D900762D34 = {
						CreatedOnToolsVersion = 6.1.1;
					};
				};
			};
			buildConfigurationList = 87BE1D701B1F66D900762D34 /* Build configuration list for PBXProject "Function_Tree_Test" */;
			compatibilityVersion = "Xcode 3.2";
			developmentRegion = English;
			hasScannedForEncodings = 0;
			knownRegions = (
				en,
			);
			mainGroup = 87BE1D6C1B1F66D900762D34;
			productRefGroup = 87BE1D761B1F66D900762D34 /* Products */;
			projectDirPath = "";
			projectRoot = "";
			targets = (
				87BE1D741B1F66D900762D34 /* Function_Tree_Test */,
			);
		};
/* End PBXProject section */

/* Begin PBXSourcesBuildPhase section */
		87BE1D711B1F66D900762D34 /* Sources */ = {
			isa = PBXSourcesBuildPhase;
			buildActionMask = 2147483647;
			files = (
				87BE1D9A1B1F8DA500762D34 /* class_test.cpp in Sources */,
				87BE1D981B1F689F00762D34 /* function_tree_test.cpp in Sources */,
			);
			runOnlyForDeploymentPostprocessing = 0;
		};
/* End PBXSourcesBuildPhase section */

/* Begin XCBuildConfiguration section */
		87BE1D7A1B1F66D900762D34 /* Debug */ = {
			isa = XCBuildConfiguration;
			buildSettings = {
				ALWAYS_SEARCH_USER_PATHS = NO;
				CLANG_CXX_LANGUAGE_STANDARD = "gnu++14";
				CLANG_CXX_LIBRARY = "libc++";
				CLANG_ENABLE_MODULES = YES;
				CLANG_ENABLE_OBJC_ARC = YES;
				CLANG_WARN_BOOL_CONVERSION = YES;
				CLANG_WARN_CONSTANT_CONVERSION = YES;
				CLANG_WARN_DIRECT_OBJC_ISA_USAGE = YES_ERROR;
				CLANG_WARN_EMPTY_BODY = YES;
				CLANG_WARN_ENUM_CONVERSION = YES;
				CLANG_WARN_INT_CONVERSION = YES;
				CLANG_WARN_OBJC_ROOT_CLASS = YES_ERROR;
				CLANG_WARN_UNREACHABLE_CODE = YES;
				CLANG_WARN__DUPLICATE_METHOD_MATCH = YES;
				COPY_PHASE_STRIP = NO;
				ENABLE_STRICT_OBJC_MSGSEND = YES;
				GCC_C_LANGUAGE_STANDARD = gnu99;
				GCC_DYNAMIC_NO_PIC = NO;
				GCC_OPTIMIZATION_LEVEL = 0;
				GCC_PREPROCESSOR_DEFINITIONS = (
					"DEBUG=1",
					"$(inherited)",
				);
				GCC_SYMBOLS_PRIVATE_EXTERN = NO;
				GCC_WARN_64_TO_32_BIT_CONVERSION = YES;
				GCC_WARN_ABOUT_RETURN_TYPE = YES_ERROR;
				GCC_WARN_UNDECLARED_SELECTOR = YES;
				GCC_WARN_UNINITIALIZED_AUTOS = YES_AGGRESSIVE;
				GCC_WARN_UNUSED_FUNCTION = YES;
				GCC_WARN_UNUSED_VARIABLE = YES;
				HEADER_SEARCH_PATHS = (
					"$(inherited)",
					/Applications/Xcode.app/Contents/Developer/Toolchains/XcodeDefault.xctoolchain/usr/include,
					/Users/jcollins/Documents/West_Texas/Research/Bertini/b2_JebFork/core,
					/usr/local/Cellar/eigen/3.2.4/include,
					/usr/local/Cellar/gmp/6.0.0a/include,
					"/usr/local/Cellar/mpfr/3.1.2-p11/include",
				);
				MACOSX_DEPLOYMENT_TARGET = 10.9;
				MTL_ENABLE_DEBUG_INFO = YES;
				ONLY_ACTIVE_ARCH = YES;
				OTHER_LDFLAGS = (
					"-L/usr/local/lib",
					"-lboost_unit_test_framework-mt",
					"-lboost_serialization-mt",
					"-lmpi_cxx",
					"-lmpi",
					"-lm",
					"-lboost_filesystem",
					"-lboost_system",
					"-lboost_chrono-mt",
					"-lboost_regex-mt",
					"-lboost_timer-mt",
					"-lgmp",
					"-lmpfr",
				);
				SDKROOT = macosx;
			};
			name = Debug;
		};
		87BE1D7B1B1F66D900762D34 /* Release */ = {
			isa = XCBuildConfiguration;
			buildSettings = {
				ALWAYS_SEARCH_USER_PATHS = NO;
				CLANG_CXX_LANGUAGE_STANDARD = "gnu++14";
				CLANG_CXX_LIBRARY = "libc++";
				CLANG_ENABLE_MODULES = YES;
				CLANG_ENABLE_OBJC_ARC = YES;
				CLANG_WARN_BOOL_CONVERSION = YES;
				CLANG_WARN_CONSTANT_CONVERSION = YES;
				CLANG_WARN_DIRECT_OBJC_ISA_USAGE = YES_ERROR;
				CLANG_WARN_EMPTY_BODY = YES;
				CLANG_WARN_ENUM_CONVERSION = YES;
				CLANG_WARN_INT_CONVERSION = YES;
				CLANG_WARN_OBJC_ROOT_CLASS = YES_ERROR;
				CLANG_WARN_UNREACHABLE_CODE = YES;
				CLANG_WARN__DUPLICATE_METHOD_MATCH = YES;
				COPY_PHASE_STRIP = YES;
				DEBUG_INFORMATION_FORMAT = "dwarf-with-dsym";
				ENABLE_NS_ASSERTIONS = NO;
				ENABLE_STRICT_OBJC_MSGSEND = YES;
				GCC_C_LANGUAGE_STANDARD = gnu99;
				GCC_WARN_64_TO_32_BIT_CONVERSION = YES;
				GCC_WARN_ABOUT_RETURN_TYPE = YES_ERROR;
				GCC_WARN_UNDECLARED_SELECTOR = YES;
				GCC_WARN_UNINITIALIZED_AUTOS = YES_AGGRESSIVE;
				GCC_WARN_UNUSED_FUNCTION = YES;
				GCC_WARN_UNUSED_VARIABLE = YES;
				HEADER_SEARCH_PATHS = (
					"$(inherited)",
					/Applications/Xcode.app/Contents/Developer/Toolchains/XcodeDefault.xctoolchain/usr/include,
					/Users/jcollins/Documents/West_Texas/Research/Bertini/b2_JebFork/core,
					/usr/local/Cellar/eigen/3.2.4/include,
					/usr/local/Cellar/gmp/6.0.0a/include,
					"/usr/local/Cellar/mpfr/3.1.2-p11/include",
				);
				MACOSX_DEPLOYMENT_TARGET = 10.9;
				MTL_ENABLE_DEBUG_INFO = NO;
				OTHER_LDFLAGS = (
					"-L/usr/local/lib",
					"-lboost_unit_test_framework-mt",
					"-lboost_serialization-mt",
					"-lmpi_cxx",
					"-lmpi",
					"-lm",
					"-lboost_filesystem",
					"-lboost_system",
					"-lboost_chrono-mt",
					"-lboost_regex-mt",
					"-lboost_timer-mt",
					"-lgmp",
					"-lmpfr",
				);
				SDKROOT = macosx;
			};
			name = Release;
		};
		87BE1D7D1B1F66D900762D34 /* Debug */ = {
			isa = XCBuildConfiguration;
			buildSettings = {
				CLANG_CXX_LANGUAGE_STANDARD = "gnu++14";
				HEADER_SEARCH_PATHS = (
					"$(inherited)",
					/Applications/Xcode.app/Contents/Developer/Toolchains/XcodeDefault.xctoolchain/usr/include,
					/usr/local/Cellar/boost/1.57.0/include,
					/Users/jcollins/Documents/West_Texas/Research/Bertini/b2_JebFork/core/include,
				);
				OTHER_LDFLAGS = (
					"-L/usr/local/lib",
					"-lboost_unit_test_framework-mt",
					"-lgmp",
					"-lmpfr",
				);
				PRODUCT_NAME = "$(TARGET_NAME)";
			};
			name = Debug;
		};
		87BE1D7E1B1F66D900762D34 /* Release */ = {
			isa = XCBuildConfiguration;
			buildSettings = {
				CLANG_CXX_LANGUAGE_STANDARD = "gnu++14";
				HEADER_SEARCH_PATHS = (
					"$(inherited)",
					/Applications/Xcode.app/Contents/Developer/Toolchains/XcodeDefault.xctoolchain/usr/include,
					/usr/local/Cellar/boost/1.57.0/include,
					/Users/jcollins/Documents/West_Texas/Research/Bertini/b2_JebFork/core/include,
				);
				OTHER_LDFLAGS = (
					"-L/usr/local/lib",
					"-lboost_unit_test_framework-mt",
					"-lgmp",
					"-lmpfr",
				);
				PRODUCT_NAME = "$(TARGET_NAME)";
			};
			name = Release;
		};
/* End XCBuildConfiguration section */

/* Begin XCConfigurationList section */
		87BE1D701B1F66D900762D34 /* Build configuration list for PBXProject "Function_Tree_Test" */ = {
			isa = XCConfigurationList;
			buildConfigurations = (
				87BE1D7A1B1F66D900762D34 /* Debug */,
				87BE1D7B1B1F66D900762D34 /* Release */,
			);
			defaultConfigurationIsVisible = 0;
			defaultConfigurationName = Release;
		};
		87BE1D7C1B1F66D900762D34 /* Build configuration list for PBXNativeTarget "Function_Tree_Test" */ = {
			isa = XCConfigurationList;
			buildConfigurations = (
				87BE1D7D1B1F66D900762D34 /* Debug */,
				87BE1D7E1B1F66D900762D34 /* Release */,
			);
			defaultConfigurationIsVisible = 0;
		};
/* End XCConfigurationList section */
	};
	rootObject = 87BE1D6D1B1F66D900762D34 /* Project object */;
}
