// !$*UTF8*$!
{
	archiveVersion = 1;
	classes = {
	};
	objectVersion = 46;
	objects = {

/* Begin PBXBuildFile section */
		621F93F6190AF69200096F89 /* AdditionOp.cpp in Sources */ = {isa = PBXBuildFile; fileRef = 62C5DAAE183BD2F300ED0AD6 /* AdditionOp.cpp */; };
		621F93F7190AF69200096F89 /* MultOp.cpp in Sources */ = {isa = PBXBuildFile; fileRef = 62C5DAB9183C45B000ED0AD6 /* MultOp.cpp */; };
		621F93F8190AF69200096F89 /* ExpOp.cpp in Sources */ = {isa = PBXBuildFile; fileRef = 62C5DABC183D38E300ED0AD6 /* ExpOp.cpp */; };
		621F93F9190AF69200096F89 /* LeafOperand.cpp in Sources */ = {isa = PBXBuildFile; fileRef = 62C5DAB6183BDB4B00ED0AD6 /* LeafOperand.cpp */; };
		621F93FA190AF69200096F89 /* DoubleSymb.cpp in Sources */ = {isa = PBXBuildFile; fileRef = 62C5DB1F1856D52800ED0AD6 /* DoubleSymb.cpp */; };
		621F93FB190AF69200096F89 /* IntSymb.cpp in Sources */ = {isa = PBXBuildFile; fileRef = 62B5AD12186A00C000CE37BE /* IntSymb.cpp */; };
		621F93FD190AF69200096F89 /* Factor.cpp in Sources */ = {isa = PBXBuildFile; fileRef = 62C5DB221857855300ED0AD6 /* Factor.cpp */; };
		621F940B190AFE8B00096F89 /* AdditionOp.cpp in Sources */ = {isa = PBXBuildFile; fileRef = 62C5DAAE183BD2F300ED0AD6 /* AdditionOp.cpp */; };
		621F940C190AFE8B00096F89 /* MultOp.cpp in Sources */ = {isa = PBXBuildFile; fileRef = 62C5DAB9183C45B000ED0AD6 /* MultOp.cpp */; };
		621F940D190AFE8B00096F89 /* ExpOp.cpp in Sources */ = {isa = PBXBuildFile; fileRef = 62C5DABC183D38E300ED0AD6 /* ExpOp.cpp */; };
		621F940E190AFE8B00096F89 /* LeafOperand.cpp in Sources */ = {isa = PBXBuildFile; fileRef = 62C5DAB6183BDB4B00ED0AD6 /* LeafOperand.cpp */; };
		621F940F190AFE8B00096F89 /* DoubleSymb.cpp in Sources */ = {isa = PBXBuildFile; fileRef = 62C5DB1F1856D52800ED0AD6 /* DoubleSymb.cpp */; };
		621F9410190AFE8B00096F89 /* IntSymb.cpp in Sources */ = {isa = PBXBuildFile; fileRef = 62B5AD12186A00C000CE37BE /* IntSymb.cpp */; };
		621F9412190AFE8B00096F89 /* Factor.cpp in Sources */ = {isa = PBXBuildFile; fileRef = 62C5DB221857855300ED0AD6 /* Factor.cpp */; };
		621F9426190B164400096F89 /* AdditionOp.cpp in Sources */ = {isa = PBXBuildFile; fileRef = 62C5DAAE183BD2F300ED0AD6 /* AdditionOp.cpp */; };
		621F9427190B164400096F89 /* MultOp.cpp in Sources */ = {isa = PBXBuildFile; fileRef = 62C5DAB9183C45B000ED0AD6 /* MultOp.cpp */; };
		621F9428190B164400096F89 /* ExpOp.cpp in Sources */ = {isa = PBXBuildFile; fileRef = 62C5DABC183D38E300ED0AD6 /* ExpOp.cpp */; };
		621F9429190B164400096F89 /* LeafOperand.cpp in Sources */ = {isa = PBXBuildFile; fileRef = 62C5DAB6183BDB4B00ED0AD6 /* LeafOperand.cpp */; };
		621F942A190B164400096F89 /* DoubleSymb.cpp in Sources */ = {isa = PBXBuildFile; fileRef = 62C5DB1F1856D52800ED0AD6 /* DoubleSymb.cpp */; };
		621F942B190B164400096F89 /* IntSymb.cpp in Sources */ = {isa = PBXBuildFile; fileRef = 62B5AD12186A00C000CE37BE /* IntSymb.cpp */; };
		621F942D190B164400096F89 /* Factor.cpp in Sources */ = {isa = PBXBuildFile; fileRef = 62C5DB221857855300ED0AD6 /* Factor.cpp */; };
		621F943B1910584100096F89 /* AdditionOp.cpp in Sources */ = {isa = PBXBuildFile; fileRef = 62C5DAAE183BD2F300ED0AD6 /* AdditionOp.cpp */; };
		621F943C1910584100096F89 /* MultOp.cpp in Sources */ = {isa = PBXBuildFile; fileRef = 62C5DAB9183C45B000ED0AD6 /* MultOp.cpp */; };
		621F943D1910584100096F89 /* ExpOp.cpp in Sources */ = {isa = PBXBuildFile; fileRef = 62C5DABC183D38E300ED0AD6 /* ExpOp.cpp */; };
		621F943E1910584100096F89 /* LeafOperand.cpp in Sources */ = {isa = PBXBuildFile; fileRef = 62C5DAB6183BDB4B00ED0AD6 /* LeafOperand.cpp */; };
		621F943F1910584100096F89 /* DoubleSymb.cpp in Sources */ = {isa = PBXBuildFile; fileRef = 62C5DB1F1856D52800ED0AD6 /* DoubleSymb.cpp */; };
		621F94401910584100096F89 /* IntSymb.cpp in Sources */ = {isa = PBXBuildFile; fileRef = 62B5AD12186A00C000CE37BE /* IntSymb.cpp */; };
		621F94421910584100096F89 /* Factor.cpp in Sources */ = {isa = PBXBuildFile; fileRef = 62C5DB221857855300ED0AD6 /* Factor.cpp */; };
		621F94561912B3CA00096F89 /* AdditionOp.cpp in Sources */ = {isa = PBXBuildFile; fileRef = 62C5DAAE183BD2F300ED0AD6 /* AdditionOp.cpp */; };
		621F94571912B3CA00096F89 /* MultOp.cpp in Sources */ = {isa = PBXBuildFile; fileRef = 62C5DAB9183C45B000ED0AD6 /* MultOp.cpp */; };
		621F94581912B3CA00096F89 /* ExpOp.cpp in Sources */ = {isa = PBXBuildFile; fileRef = 62C5DABC183D38E300ED0AD6 /* ExpOp.cpp */; };
		621F94591912B3CA00096F89 /* LeafOperand.cpp in Sources */ = {isa = PBXBuildFile; fileRef = 62C5DAB6183BDB4B00ED0AD6 /* LeafOperand.cpp */; };
		621F945A1912B3CA00096F89 /* DoubleSymb.cpp in Sources */ = {isa = PBXBuildFile; fileRef = 62C5DB1F1856D52800ED0AD6 /* DoubleSymb.cpp */; };
		621F945B1912B3CA00096F89 /* IntSymb.cpp in Sources */ = {isa = PBXBuildFile; fileRef = 62B5AD12186A00C000CE37BE /* IntSymb.cpp */; };
		621F945D1912B3CA00096F89 /* Factor.cpp in Sources */ = {isa = PBXBuildFile; fileRef = 62C5DB221857855300ED0AD6 /* Factor.cpp */; };
		621F946F1912D98900096F89 /* AdditionOp.cpp in Sources */ = {isa = PBXBuildFile; fileRef = 62C5DAAE183BD2F300ED0AD6 /* AdditionOp.cpp */; };
		621F94701912D98900096F89 /* MultOp.cpp in Sources */ = {isa = PBXBuildFile; fileRef = 62C5DAB9183C45B000ED0AD6 /* MultOp.cpp */; };
		621F94711912D98900096F89 /* ExpOp.cpp in Sources */ = {isa = PBXBuildFile; fileRef = 62C5DABC183D38E300ED0AD6 /* ExpOp.cpp */; };
		621F94721912D98900096F89 /* LeafOperand.cpp in Sources */ = {isa = PBXBuildFile; fileRef = 62C5DAB6183BDB4B00ED0AD6 /* LeafOperand.cpp */; };
		621F94731912D98900096F89 /* DoubleSymb.cpp in Sources */ = {isa = PBXBuildFile; fileRef = 62C5DB1F1856D52800ED0AD6 /* DoubleSymb.cpp */; };
		621F94741912D98900096F89 /* IntSymb.cpp in Sources */ = {isa = PBXBuildFile; fileRef = 62B5AD12186A00C000CE37BE /* IntSymb.cpp */; };
		621F94761912D98900096F89 /* Factor.cpp in Sources */ = {isa = PBXBuildFile; fileRef = 62C5DB221857855300ED0AD6 /* Factor.cpp */; };
		62A3B72018F754BE00B3E0DF /* AdditionOp.cpp in Sources */ = {isa = PBXBuildFile; fileRef = 62C5DAAE183BD2F300ED0AD6 /* AdditionOp.cpp */; };
		62A3B72118F754BE00B3E0DF /* MultOp.cpp in Sources */ = {isa = PBXBuildFile; fileRef = 62C5DAB9183C45B000ED0AD6 /* MultOp.cpp */; };
		62A3B72218F754BE00B3E0DF /* ExpOp.cpp in Sources */ = {isa = PBXBuildFile; fileRef = 62C5DABC183D38E300ED0AD6 /* ExpOp.cpp */; };
		62A3B72318F754BE00B3E0DF /* LeafOperand.cpp in Sources */ = {isa = PBXBuildFile; fileRef = 62C5DAB6183BDB4B00ED0AD6 /* LeafOperand.cpp */; };
		62A3B72418F754BE00B3E0DF /* DoubleSymb.cpp in Sources */ = {isa = PBXBuildFile; fileRef = 62C5DB1F1856D52800ED0AD6 /* DoubleSymb.cpp */; };
		62A3B72518F754BE00B3E0DF /* IntSymb.cpp in Sources */ = {isa = PBXBuildFile; fileRef = 62B5AD12186A00C000CE37BE /* IntSymb.cpp */; };
		62A3B72618F754BE00B3E0DF /* Factor.cpp in Sources */ = {isa = PBXBuildFile; fileRef = 62C5DB221857855300ED0AD6 /* Factor.cpp */; };
		62B5AD14186A00C000CE37BE /* IntSymb.cpp in Sources */ = {isa = PBXBuildFile; fileRef = 62B5AD12186A00C000CE37BE /* IntSymb.cpp */; };
		62C5DAAA183BD04900ED0AD6 /* DriverSLP.cpp in Sources */ = {isa = PBXBuildFile; fileRef = 62C5DAA9183BD04900ED0AD6 /* DriverSLP.cpp */; };
		62C5DAB0183BD2F300ED0AD6 /* AdditionOp.cpp in Sources */ = {isa = PBXBuildFile; fileRef = 62C5DAAE183BD2F300ED0AD6 /* AdditionOp.cpp */; };
		62C5DAB8183BDB4B00ED0AD6 /* LeafOperand.cpp in Sources */ = {isa = PBXBuildFile; fileRef = 62C5DAB6183BDB4B00ED0AD6 /* LeafOperand.cpp */; };
		62C5DABB183C45B000ED0AD6 /* MultOp.cpp in Sources */ = {isa = PBXBuildFile; fileRef = 62C5DAB9183C45B000ED0AD6 /* MultOp.cpp */; };
		62C5DABE183D38E300ED0AD6 /* ExpOp.cpp in Sources */ = {isa = PBXBuildFile; fileRef = 62C5DABC183D38E300ED0AD6 /* ExpOp.cpp */; };
		62C5DB211856D52800ED0AD6 /* DoubleSymb.cpp in Sources */ = {isa = PBXBuildFile; fileRef = 62C5DB1F1856D52800ED0AD6 /* DoubleSymb.cpp */; };
		62C5DB241857855300ED0AD6 /* Factor.cpp in Sources */ = {isa = PBXBuildFile; fileRef = 62C5DB221857855300ED0AD6 /* Factor.cpp */; };
		62F1E6C2193933A500A737E6 /* Test_Appen1.cpp in Sources */ = {isa = PBXBuildFile; fileRef = 62F1E6C1193933A500A737E6 /* Test_Appen1.cpp */; };
		62F1E6C4193933AE00A737E6 /* Test_Appen2.cpp in Sources */ = {isa = PBXBuildFile; fileRef = 62F1E6C3193933AE00A737E6 /* Test_Appen2.cpp */; };
		62F1E6C6193933B600A737E6 /* Test_Appen3.cpp in Sources */ = {isa = PBXBuildFile; fileRef = 62F1E6C5193933B600A737E6 /* Test_Appen3.cpp */; };
		62F1E6C8193933C100A737E6 /* Test_Appen13.cpp in Sources */ = {isa = PBXBuildFile; fileRef = 62F1E6C7193933C100A737E6 /* Test_Appen13.cpp */; };
		62F1E6CA193933CC00A737E6 /* Test_Res5_3.cpp in Sources */ = {isa = PBXBuildFile; fileRef = 62F1E6C9193933CC00A737E6 /* Test_Res5_3.cpp */; };
		62F1E6CC193933E600A737E6 /* Test_Res3_3.cpp in Sources */ = {isa = PBXBuildFile; fileRef = 62F1E6CB193933E600A737E6 /* Test_Res3_3.cpp */; };
		62F1E6CE193933EE00A737E6 /* Test_Diff.cpp in Sources */ = {isa = PBXBuildFile; fileRef = 62F1E6CD193933EE00A737E6 /* Test_Diff.cpp */; };
/* End PBXBuildFile section */

/* Begin PBXCopyFilesBuildPhase section */
		621F93E8190AF58F00096F89 /* CopyFiles */ = {
			isa = PBXCopyFilesBuildPhase;
			buildActionMask = 2147483647;
			dstPath = /usr/share/man/man1/;
			dstSubfolderSpec = 0;
			files = (
			);
			runOnlyForDeploymentPostprocessing = 1;
		};
		621F9400190AFE7B00096F89 /* CopyFiles */ = {
			isa = PBXCopyFilesBuildPhase;
			buildActionMask = 2147483647;
			dstPath = /usr/share/man/man1/;
			dstSubfolderSpec = 0;
			files = (
			);
			runOnlyForDeploymentPostprocessing = 1;
		};
		621F9418190B0F5800096F89 /* CopyFiles */ = {
			isa = PBXCopyFilesBuildPhase;
			buildActionMask = 2147483647;
			dstPath = /usr/share/man/man1/;
			dstSubfolderSpec = 0;
			files = (
			);
			runOnlyForDeploymentPostprocessing = 1;
		};
		621F94301910583000096F89 /* CopyFiles */ = {
			isa = PBXCopyFilesBuildPhase;
			buildActionMask = 2147483647;
			dstPath = /usr/share/man/man1/;
			dstSubfolderSpec = 0;
			files = (
			);
			runOnlyForDeploymentPostprocessing = 1;
		};
		621F944B1912B3AE00096F89 /* CopyFiles */ = {
			isa = PBXCopyFilesBuildPhase;
			buildActionMask = 2147483647;
			dstPath = /usr/share/man/man1/;
			dstSubfolderSpec = 0;
			files = (
			);
			runOnlyForDeploymentPostprocessing = 1;
		};
		621F94611912D33C00096F89 /* CopyFiles */ = {
			isa = PBXCopyFilesBuildPhase;
			buildActionMask = 2147483647;
			dstPath = /usr/share/man/man1/;
			dstSubfolderSpec = 0;
			files = (
			);
			runOnlyForDeploymentPostprocessing = 1;
		};
		62A3B71518F7546900B3E0DF /* CopyFiles */ = {
			isa = PBXCopyFilesBuildPhase;
			buildActionMask = 2147483647;
			dstPath = /usr/share/man/man1/;
			dstSubfolderSpec = 0;
			files = (
			);
			runOnlyForDeploymentPostprocessing = 1;
		};
		62C5DA9E183BCFF100ED0AD6 /* CopyFiles */ = {
			isa = PBXCopyFilesBuildPhase;
			buildActionMask = 2147483647;
			dstPath = /usr/share/man/man1/;
			dstSubfolderSpec = 0;
			files = (
			);
			runOnlyForDeploymentPostprocessing = 1;
		};
/* End PBXCopyFilesBuildPhase section */

/* Begin PBXFileReference section */
		621F93EA190AF58F00096F89 /* Test_Appen2 */ = {isa = PBXFileReference; explicitFileType = "compiled.mach-o.executable"; includeInIndex = 0; path = Test_Appen2; sourceTree = BUILT_PRODUCTS_DIR; };
		621F9402190AFE7B00096F89 /* Test_Appen3 */ = {isa = PBXFileReference; explicitFileType = "compiled.mach-o.executable"; includeInIndex = 0; path = Test_Appen3; sourceTree = BUILT_PRODUCTS_DIR; };
		621F941A190B0F5800096F89 /* Test_Appen13 */ = {isa = PBXFileReference; explicitFileType = "compiled.mach-o.executable"; includeInIndex = 0; path = Test_Appen13; sourceTree = BUILT_PRODUCTS_DIR; };
		621F94321910583000096F89 /* Test_Res5_3 */ = {isa = PBXFileReference; explicitFileType = "compiled.mach-o.executable"; includeInIndex = 0; path = Test_Res5_3; sourceTree = BUILT_PRODUCTS_DIR; };
		621F944D1912B3AE00096F89 /* Test_Res3_3 */ = {isa = PBXFileReference; explicitFileType = "compiled.mach-o.executable"; includeInIndex = 0; path = Test_Res3_3; sourceTree = BUILT_PRODUCTS_DIR; };
		621F94631912D33C00096F89 /* Test_Diff */ = {isa = PBXFileReference; explicitFileType = "compiled.mach-o.executable"; includeInIndex = 0; path = Test_Diff; sourceTree = BUILT_PRODUCTS_DIR; };
		62A3B71718F7546900B3E0DF /* Test_Appen1 */ = {isa = PBXFileReference; explicitFileType = "compiled.mach-o.executable"; includeInIndex = 0; path = Test_Appen1; sourceTree = BUILT_PRODUCTS_DIR; };
		62B5AD12186A00C000CE37BE /* IntSymb.cpp */ = {isa = PBXFileReference; fileEncoding = 4; lastKnownFileType = sourcecode.cpp.cpp; path = IntSymb.cpp; sourceTree = "<group>"; };
		62B5AD13186A00C000CE37BE /* IntSymb.h */ = {isa = PBXFileReference; fileEncoding = 4; lastKnownFileType = sourcecode.c.h; path = IntSymb.h; sourceTree = "<group>"; };
		62C5DAA0183BCFF100ED0AD6 /* SLP */ = {isa = PBXFileReference; explicitFileType = "compiled.mach-o.executable"; includeInIndex = 0; path = SLP; sourceTree = BUILT_PRODUCTS_DIR; };
		62C5DAA9183BD04900ED0AD6 /* DriverSLP.cpp */ = {isa = PBXFileReference; fileEncoding = 4; lastKnownFileType = sourcecode.cpp.cpp; path = DriverSLP.cpp; sourceTree = "<group>"; };
		62C5DAAE183BD2F300ED0AD6 /* AdditionOp.cpp */ = {isa = PBXFileReference; fileEncoding = 4; lastKnownFileType = sourcecode.cpp.cpp; path = AdditionOp.cpp; sourceTree = "<group>"; };
		62C5DAAF183BD2F300ED0AD6 /* AdditionOp.h */ = {isa = PBXFileReference; fileEncoding = 4; lastKnownFileType = sourcecode.c.h; path = AdditionOp.h; sourceTree = "<group>"; };
		62C5DAB4183BD9BB00ED0AD6 /* Operand.h */ = {isa = PBXFileReference; fileEncoding = 4; lastKnownFileType = sourcecode.c.h; path = Operand.h; sourceTree = "<group>"; };
		62C5DAB6183BDB4B00ED0AD6 /* LeafOperand.cpp */ = {isa = PBXFileReference; fileEncoding = 4; lastKnownFileType = sourcecode.cpp.cpp; path = LeafOperand.cpp; sourceTree = "<group>"; };
		62C5DAB7183BDB4B00ED0AD6 /* LeafOperand.h */ = {isa = PBXFileReference; fileEncoding = 4; lastKnownFileType = sourcecode.c.h; path = LeafOperand.h; sourceTree = "<group>"; };
		62C5DAB9183C45B000ED0AD6 /* MultOp.cpp */ = {isa = PBXFileReference; fileEncoding = 4; lastKnownFileType = sourcecode.cpp.cpp; path = MultOp.cpp; sourceTree = "<group>"; };
		62C5DABA183C45B000ED0AD6 /* MultOp.h */ = {isa = PBXFileReference; fileEncoding = 4; lastKnownFileType = sourcecode.c.h; path = MultOp.h; sourceTree = "<group>"; };
		62C5DABC183D38E300ED0AD6 /* ExpOp.cpp */ = {isa = PBXFileReference; fileEncoding = 4; lastKnownFileType = sourcecode.cpp.cpp; path = ExpOp.cpp; sourceTree = "<group>"; };
		62C5DABD183D38E300ED0AD6 /* ExpOp.h */ = {isa = PBXFileReference; fileEncoding = 4; lastKnownFileType = sourcecode.c.h; path = ExpOp.h; sourceTree = "<group>"; };
		62C5DB1B1856D2B800ED0AD6 /* Symbol.h */ = {isa = PBXFileReference; fileEncoding = 4; lastKnownFileType = sourcecode.c.h; path = Symbol.h; sourceTree = "<group>"; };
		62C5DB1F1856D52800ED0AD6 /* DoubleSymb.cpp */ = {isa = PBXFileReference; fileEncoding = 4; lastKnownFileType = sourcecode.cpp.cpp; path = DoubleSymb.cpp; sourceTree = "<group>"; };
		62C5DB201856D52800ED0AD6 /* DoubleSymb.h */ = {isa = PBXFileReference; fileEncoding = 4; lastKnownFileType = sourcecode.c.h; path = DoubleSymb.h; sourceTree = "<group>"; };
		62C5DB221857855300ED0AD6 /* Factor.cpp */ = {isa = PBXFileReference; fileEncoding = 4; lastKnownFileType = sourcecode.cpp.cpp; path = Factor.cpp; sourceTree = "<group>"; };
		62C5DB231857855300ED0AD6 /* Factor.h */ = {isa = PBXFileReference; fileEncoding = 4; lastKnownFileType = sourcecode.c.h; path = Factor.h; sourceTree = "<group>"; };
		62F1E6C1193933A500A737E6 /* Test_Appen1.cpp */ = {isa = PBXFileReference; fileEncoding = 4; lastKnownFileType = sourcecode.cpp.cpp; path = Test_Appen1.cpp; sourceTree = "<group>"; };
		62F1E6C3193933AE00A737E6 /* Test_Appen2.cpp */ = {isa = PBXFileReference; fileEncoding = 4; lastKnownFileType = sourcecode.cpp.cpp; name = Test_Appen2.cpp; path = Test_Appen2/Test_Appen2.cpp; sourceTree = SOURCE_ROOT; };
		62F1E6C5193933B600A737E6 /* Test_Appen3.cpp */ = {isa = PBXFileReference; fileEncoding = 4; lastKnownFileType = sourcecode.cpp.cpp; name = Test_Appen3.cpp; path = Test_Appen3/Test_Appen3.cpp; sourceTree = SOURCE_ROOT; };
		62F1E6C7193933C100A737E6 /* Test_Appen13.cpp */ = {isa = PBXFileReference; fileEncoding = 4; lastKnownFileType = sourcecode.cpp.cpp; name = Test_Appen13.cpp; path = Test_Appen13/Test_Appen13.cpp; sourceTree = SOURCE_ROOT; };
		62F1E6C9193933CC00A737E6 /* Test_Res5_3.cpp */ = {isa = PBXFileReference; fileEncoding = 4; lastKnownFileType = sourcecode.cpp.cpp; name = Test_Res5_3.cpp; path = Test_Res5_3/Test_Res5_3.cpp; sourceTree = SOURCE_ROOT; };
		62F1E6CB193933E600A737E6 /* Test_Res3_3.cpp */ = {isa = PBXFileReference; fileEncoding = 4; lastKnownFileType = sourcecode.cpp.cpp; path = Test_Res3_3.cpp; sourceTree = "<group>"; };
		62F1E6CD193933EE00A737E6 /* Test_Diff.cpp */ = {isa = PBXFileReference; fileEncoding = 4; lastKnownFileType = sourcecode.cpp.cpp; path = Test_Diff.cpp; sourceTree = "<group>"; };
/* End PBXFileReference section */

/* Begin PBXFrameworksBuildPhase section */
		621F93E7190AF58F00096F89 /* Frameworks */ = {
			isa = PBXFrameworksBuildPhase;
			buildActionMask = 2147483647;
			files = (
			);
			runOnlyForDeploymentPostprocessing = 0;
		};
		621F93FF190AFE7B00096F89 /* Frameworks */ = {
			isa = PBXFrameworksBuildPhase;
			buildActionMask = 2147483647;
			files = (
			);
			runOnlyForDeploymentPostprocessing = 0;
		};
		621F9417190B0F5800096F89 /* Frameworks */ = {
			isa = PBXFrameworksBuildPhase;
			buildActionMask = 2147483647;
			files = (
			);
			runOnlyForDeploymentPostprocessing = 0;
		};
		621F942F1910583000096F89 /* Frameworks */ = {
			isa = PBXFrameworksBuildPhase;
			buildActionMask = 2147483647;
			files = (
			);
			runOnlyForDeploymentPostprocessing = 0;
		};
		621F944A1912B3AE00096F89 /* Frameworks */ = {
			isa = PBXFrameworksBuildPhase;
			buildActionMask = 2147483647;
			files = (
			);
			runOnlyForDeploymentPostprocessing = 0;
		};
		621F94601912D33C00096F89 /* Frameworks */ = {
			isa = PBXFrameworksBuildPhase;
			buildActionMask = 2147483647;
			files = (
			);
			runOnlyForDeploymentPostprocessing = 0;
		};
		62A3B71418F7546900B3E0DF /* Frameworks */ = {
			isa = PBXFrameworksBuildPhase;
			buildActionMask = 2147483647;
			files = (
			);
			runOnlyForDeploymentPostprocessing = 0;
		};
		62C5DA9D183BCFF100ED0AD6 /* Frameworks */ = {
			isa = PBXFrameworksBuildPhase;
			buildActionMask = 2147483647;
			files = (
			);
			runOnlyForDeploymentPostprocessing = 0;
		};
/* End PBXFrameworksBuildPhase section */

/* Begin PBXGroup section */
		62A3B71818F7546900B3E0DF /* Test Polynomials */ = {
			isa = PBXGroup;
			children = (
				62F1E6C1193933A500A737E6 /* Test_Appen1.cpp */,
				62F1E6C3193933AE00A737E6 /* Test_Appen2.cpp */,
				62F1E6C5193933B600A737E6 /* Test_Appen3.cpp */,
				62F1E6C7193933C100A737E6 /* Test_Appen13.cpp */,
				62F1E6CB193933E600A737E6 /* Test_Res3_3.cpp */,
				62F1E6C9193933CC00A737E6 /* Test_Res5_3.cpp */,
				62F1E6CD193933EE00A737E6 /* Test_Diff.cpp */,
			);
			name = "Test Polynomials";
			path = Test_TemplateLeaf;
			sourceTree = "<group>";
		};
		62B5AD15186A165D00CE37BE /* Factoring */ = {
			isa = PBXGroup;
			children = (
				62C5DB231857855300ED0AD6 /* Factor.h */,
			);
			name = Factoring;
			sourceTree = "<group>";
		};
		62B5AD16186A167300CE37BE /* Factoring */ = {
			isa = PBXGroup;
			children = (
				62C5DB221857855300ED0AD6 /* Factor.cpp */,
			);
			name = Factoring;
			sourceTree = "<group>";
		};
		62C5DA7A183BCBEE00ED0AD6 = {
			isa = PBXGroup;
			children = (
				62C5DAA1183BCFF100ED0AD6 /* SLP */,
				62A3B71818F7546900B3E0DF /* Test Polynomials */,
				62C5DA84183BCBEE00ED0AD6 /* Products */,
			);
			sourceTree = "<group>";
		};
		62C5DA84183BCBEE00ED0AD6 /* Products */ = {
			isa = PBXGroup;
			children = (
				62C5DAA0183BCFF100ED0AD6 /* SLP */,
				62A3B71718F7546900B3E0DF /* Test_Appen1 */,
				621F93EA190AF58F00096F89 /* Test_Appen2 */,
				621F9402190AFE7B00096F89 /* Test_Appen3 */,
				621F941A190B0F5800096F89 /* Test_Appen13 */,
				621F94321910583000096F89 /* Test_Res5_3 */,
				621F944D1912B3AE00096F89 /* Test_Res3_3 */,
				621F94631912D33C00096F89 /* Test_Diff */,
			);
			name = Products;
			sourceTree = "<group>";
		};
		62C5DAA1183BCFF100ED0AD6 /* SLP */ = {
			isa = PBXGroup;
			children = (
				62C5DAA9183BD04900ED0AD6 /* DriverSLP.cpp */,
				62C5DAB2183BD37500ED0AD6 /* Header */,
				62C5DAB1183BD36A00ED0AD6 /* Source */,
			);
			path = SLP;
			sourceTree = "<group>";
		};
		62C5DAB1183BD36A00ED0AD6 /* Source */ = {
			isa = PBXGroup;
			children = (
				62C5DB191856D29E00ED0AD6 /* Operands */,
				62C5DB1E1856D4FA00ED0AD6 /* Symbol */,
				62B5AD16186A167300CE37BE /* Factoring */,
			);
			name = Source;
			sourceTree = "<group>";
		};
		62C5DAB2183BD37500ED0AD6 /* Header */ = {
			isa = PBXGroup;
			children = (
				62C5DB181856D29500ED0AD6 /* Operands */,
				62C5DB1D1856D4EC00ED0AD6 /* Symbol */,
				62B5AD15186A165D00CE37BE /* Factoring */,
			);
			name = Header;
			sourceTree = "<group>";
		};
		62C5DB181856D29500ED0AD6 /* Operands */ = {
			isa = PBXGroup;
			children = (
				62C5DAB4183BD9BB00ED0AD6 /* Operand.h */,
				62C5DAAF183BD2F300ED0AD6 /* AdditionOp.h */,
				62C5DABA183C45B000ED0AD6 /* MultOp.h */,
				62C5DABD183D38E300ED0AD6 /* ExpOp.h */,
				62C5DAB7183BDB4B00ED0AD6 /* LeafOperand.h */,
			);
			name = Operands;
			sourceTree = "<group>";
		};
		62C5DB191856D29E00ED0AD6 /* Operands */ = {
			isa = PBXGroup;
			children = (
				62C5DAAE183BD2F300ED0AD6 /* AdditionOp.cpp */,
				62C5DAB9183C45B000ED0AD6 /* MultOp.cpp */,
				62C5DABC183D38E300ED0AD6 /* ExpOp.cpp */,
				62C5DAB6183BDB4B00ED0AD6 /* LeafOperand.cpp */,
			);
			name = Operands;
			sourceTree = "<group>";
		};
		62C5DB1D1856D4EC00ED0AD6 /* Symbol */ = {
			isa = PBXGroup;
			children = (
				62C5DB1B1856D2B800ED0AD6 /* Symbol.h */,
				62C5DB201856D52800ED0AD6 /* DoubleSymb.h */,
				62B5AD13186A00C000CE37BE /* IntSymb.h */,
			);
			name = Symbol;
			sourceTree = "<group>";
		};
		62C5DB1E1856D4FA00ED0AD6 /* Symbol */ = {
			isa = PBXGroup;
			children = (
				62C5DB1F1856D52800ED0AD6 /* DoubleSymb.cpp */,
				62B5AD12186A00C000CE37BE /* IntSymb.cpp */,
			);
			name = Symbol;
			sourceTree = "<group>";
		};
/* End PBXGroup section */

/* Begin PBXNativeTarget section */
		621F93E9190AF58F00096F89 /* Test_Appen2 */ = {
			isa = PBXNativeTarget;
			buildConfigurationList = 621F93F0190AF58F00096F89 /* Build configuration list for PBXNativeTarget "Test_Appen2" */;
			buildPhases = (
				621F93E6190AF58F00096F89 /* Sources */,
				621F93E7190AF58F00096F89 /* Frameworks */,
				621F93E8190AF58F00096F89 /* CopyFiles */,
			);
			buildRules = (
			);
			dependencies = (
			);
			name = Test_Appen2;
			productName = Test_Appen2;
			productReference = 621F93EA190AF58F00096F89 /* Test_Appen2 */;
			productType = "com.apple.product-type.tool";
		};
		621F9401190AFE7B00096F89 /* Test_Appen3 */ = {
			isa = PBXNativeTarget;
			buildConfigurationList = 621F9408190AFE7B00096F89 /* Build configuration list for PBXNativeTarget "Test_Appen3" */;
			buildPhases = (
				621F93FE190AFE7B00096F89 /* Sources */,
				621F93FF190AFE7B00096F89 /* Frameworks */,
				621F9400190AFE7B00096F89 /* CopyFiles */,
			);
			buildRules = (
			);
			dependencies = (
			);
			name = Test_Appen3;
			productName = Test_Appen3;
			productReference = 621F9402190AFE7B00096F89 /* Test_Appen3 */;
			productType = "com.apple.product-type.tool";
		};
		621F9419190B0F5800096F89 /* Test_Appen13 */ = {
			isa = PBXNativeTarget;
			buildConfigurationList = 621F9420190B0F5800096F89 /* Build configuration list for PBXNativeTarget "Test_Appen13" */;
			buildPhases = (
				621F9416190B0F5800096F89 /* Sources */,
				621F9417190B0F5800096F89 /* Frameworks */,
				621F9418190B0F5800096F89 /* CopyFiles */,
			);
			buildRules = (
			);
			dependencies = (
			);
			name = Test_Appen13;
			productName = Test_Appen13;
			productReference = 621F941A190B0F5800096F89 /* Test_Appen13 */;
			productType = "com.apple.product-type.tool";
		};
		621F94311910583000096F89 /* Test_Res5_3 */ = {
			isa = PBXNativeTarget;
			buildConfigurationList = 621F94381910583000096F89 /* Build configuration list for PBXNativeTarget "Test_Res5_3" */;
			buildPhases = (
				621F942E1910583000096F89 /* Sources */,
				621F942F1910583000096F89 /* Frameworks */,
				621F94301910583000096F89 /* CopyFiles */,
			);
			buildRules = (
			);
			dependencies = (
			);
			name = Test_Res5_3;
			productName = Test_Res5_3;
			productReference = 621F94321910583000096F89 /* Test_Res5_3 */;
			productType = "com.apple.product-type.tool";
		};
		621F944C1912B3AE00096F89 /* Test_Res3_3 */ = {
			isa = PBXNativeTarget;
			buildConfigurationList = 621F94531912B3AE00096F89 /* Build configuration list for PBXNativeTarget "Test_Res3_3" */;
			buildPhases = (
				621F94491912B3AE00096F89 /* Sources */,
				621F944A1912B3AE00096F89 /* Frameworks */,
				621F944B1912B3AE00096F89 /* CopyFiles */,
			);
			buildRules = (
			);
			dependencies = (
			);
			name = Test_Res3_3;
			productName = Test_Res3_3;
			productReference = 621F944D1912B3AE00096F89 /* Test_Res3_3 */;
			productType = "com.apple.product-type.tool";
		};
		621F94621912D33C00096F89 /* Test_Diff */ = {
			isa = PBXNativeTarget;
			buildConfigurationList = 621F94691912D33C00096F89 /* Build configuration list for PBXNativeTarget "Test_Diff" */;
			buildPhases = (
				621F945F1912D33C00096F89 /* Sources */,
				621F94601912D33C00096F89 /* Frameworks */,
				621F94611912D33C00096F89 /* CopyFiles */,
			);
			buildRules = (
			);
			dependencies = (
			);
			name = Test_Diff;
			productName = Test_Diff;
			productReference = 621F94631912D33C00096F89 /* Test_Diff */;
			productType = "com.apple.product-type.tool";
		};
		62A3B71618F7546900B3E0DF /* Test_Appen1 */ = {
			isa = PBXNativeTarget;
			buildConfigurationList = 62A3B71F18F7546A00B3E0DF /* Build configuration list for PBXNativeTarget "Test_Appen1" */;
			buildPhases = (
				62A3B71318F7546900B3E0DF /* Sources */,
				62A3B71418F7546900B3E0DF /* Frameworks */,
				62A3B71518F7546900B3E0DF /* CopyFiles */,
			);
			buildRules = (
			);
			dependencies = (
			);
			name = Test_Appen1;
			productName = Test_TemplateLeaf;
			productReference = 62A3B71718F7546900B3E0DF /* Test_Appen1 */;
			productType = "com.apple.product-type.tool";
		};
		62C5DA9F183BCFF100ED0AD6 /* SLP */ = {
			isa = PBXNativeTarget;
			buildConfigurationList = 62C5DAA6183BCFF100ED0AD6 /* Build configuration list for PBXNativeTarget "SLP" */;
			buildPhases = (
				62C5DA9C183BCFF100ED0AD6 /* Sources */,
				62C5DA9D183BCFF100ED0AD6 /* Frameworks */,
				62C5DA9E183BCFF100ED0AD6 /* CopyFiles */,
			);
			buildRules = (
			);
			dependencies = (
			);
			name = SLP;
			productName = SLP;
			productReference = 62C5DAA0183BCFF100ED0AD6 /* SLP */;
			productType = "com.apple.product-type.tool";
		};
/* End PBXNativeTarget section */

/* Begin PBXProject section */
		62C5DA7B183BCBEE00ED0AD6 /* Project object */ = {
			isa = PBXProject;
			attributes = {
				LastUpgradeCheck = 0500;
				ORGANIZATIONNAME = "James Collins";
			};
			buildConfigurationList = 62C5DA7E183BCBEE00ED0AD6 /* Build configuration list for PBXProject "Bertini2" */;
			compatibilityVersion = "Xcode 3.2";
			developmentRegion = English;
			hasScannedForEncodings = 0;
			knownRegions = (
				en,
			);
			mainGroup = 62C5DA7A183BCBEE00ED0AD6;
			productRefGroup = 62C5DA84183BCBEE00ED0AD6 /* Products */;
			projectDirPath = "";
			projectRoot = "";
			targets = (
				62C5DA9F183BCFF100ED0AD6 /* SLP */,
				62A3B71618F7546900B3E0DF /* Test_Appen1 */,
				621F93E9190AF58F00096F89 /* Test_Appen2 */,
				621F9401190AFE7B00096F89 /* Test_Appen3 */,
				621F9419190B0F5800096F89 /* Test_Appen13 */,
				621F94311910583000096F89 /* Test_Res5_3 */,
				621F944C1912B3AE00096F89 /* Test_Res3_3 */,
				621F94621912D33C00096F89 /* Test_Diff */,
			);
		};
/* End PBXProject section */

/* Begin PBXSourcesBuildPhase section */
		621F93E6190AF58F00096F89 /* Sources */ = {
			isa = PBXSourcesBuildPhase;
			buildActionMask = 2147483647;
			files = (
				621F93F6190AF69200096F89 /* AdditionOp.cpp in Sources */,
				621F93F7190AF69200096F89 /* MultOp.cpp in Sources */,
				621F93F8190AF69200096F89 /* ExpOp.cpp in Sources */,
				621F93F9190AF69200096F89 /* LeafOperand.cpp in Sources */,
				621F93FA190AF69200096F89 /* DoubleSymb.cpp in Sources */,
				621F93FB190AF69200096F89 /* IntSymb.cpp in Sources */,
				621F93FD190AF69200096F89 /* Factor.cpp in Sources */,
				62F1E6C4193933AE00A737E6 /* Test_Appen2.cpp in Sources */,
			);
			runOnlyForDeploymentPostprocessing = 0;
		};
		621F93FE190AFE7B00096F89 /* Sources */ = {
			isa = PBXSourcesBuildPhase;
			buildActionMask = 2147483647;
			files = (
				621F940B190AFE8B00096F89 /* AdditionOp.cpp in Sources */,
				621F940C190AFE8B00096F89 /* MultOp.cpp in Sources */,
				621F940D190AFE8B00096F89 /* ExpOp.cpp in Sources */,
				621F940E190AFE8B00096F89 /* LeafOperand.cpp in Sources */,
				621F940F190AFE8B00096F89 /* DoubleSymb.cpp in Sources */,
				621F9410190AFE8B00096F89 /* IntSymb.cpp in Sources */,
				621F9412190AFE8B00096F89 /* Factor.cpp in Sources */,
				62F1E6C6193933B600A737E6 /* Test_Appen3.cpp in Sources */,
			);
			runOnlyForDeploymentPostprocessing = 0;
		};
		621F9416190B0F5800096F89 /* Sources */ = {
			isa = PBXSourcesBuildPhase;
			buildActionMask = 2147483647;
			files = (
				62F1E6C8193933C100A737E6 /* Test_Appen13.cpp in Sources */,
				621F9426190B164400096F89 /* AdditionOp.cpp in Sources */,
				621F9427190B164400096F89 /* MultOp.cpp in Sources */,
				621F9428190B164400096F89 /* ExpOp.cpp in Sources */,
				621F9429190B164400096F89 /* LeafOperand.cpp in Sources */,
				621F942A190B164400096F89 /* DoubleSymb.cpp in Sources */,
				621F942B190B164400096F89 /* IntSymb.cpp in Sources */,
				621F942D190B164400096F89 /* Factor.cpp in Sources */,
			);
			runOnlyForDeploymentPostprocessing = 0;
		};
		621F942E1910583000096F89 /* Sources */ = {
			isa = PBXSourcesBuildPhase;
			buildActionMask = 2147483647;
			files = (
				621F943B1910584100096F89 /* AdditionOp.cpp in Sources */,
				621F943C1910584100096F89 /* MultOp.cpp in Sources */,
				621F943D1910584100096F89 /* ExpOp.cpp in Sources */,
				621F943E1910584100096F89 /* LeafOperand.cpp in Sources */,
				621F943F1910584100096F89 /* DoubleSymb.cpp in Sources */,
				62F1E6CA193933CC00A737E6 /* Test_Res5_3.cpp in Sources */,
				621F94401910584100096F89 /* IntSymb.cpp in Sources */,
				621F94421910584100096F89 /* Factor.cpp in Sources */,
			);
			runOnlyForDeploymentPostprocessing = 0;
		};
		621F94491912B3AE00096F89 /* Sources */ = {
			isa = PBXSourcesBuildPhase;
			buildActionMask = 2147483647;
			files = (
				621F94561912B3CA00096F89 /* AdditionOp.cpp in Sources */,
				621F94571912B3CA00096F89 /* MultOp.cpp in Sources */,
				621F94581912B3CA00096F89 /* ExpOp.cpp in Sources */,
				62F1E6CC193933E600A737E6 /* Test_Res3_3.cpp in Sources */,
				621F94591912B3CA00096F89 /* LeafOperand.cpp in Sources */,
				621F945A1912B3CA00096F89 /* DoubleSymb.cpp in Sources */,
				621F945B1912B3CA00096F89 /* IntSymb.cpp in Sources */,
				621F945D1912B3CA00096F89 /* Factor.cpp in Sources */,
			);
			runOnlyForDeploymentPostprocessing = 0;
		};
		621F945F1912D33C00096F89 /* Sources */ = {
			isa = PBXSourcesBuildPhase;
			buildActionMask = 2147483647;
			files = (
				621F946F1912D98900096F89 /* AdditionOp.cpp in Sources */,
				62F1E6CE193933EE00A737E6 /* Test_Diff.cpp in Sources */,
				621F94701912D98900096F89 /* MultOp.cpp in Sources */,
				621F94711912D98900096F89 /* ExpOp.cpp in Sources */,
				621F94721912D98900096F89 /* LeafOperand.cpp in Sources */,
				621F94731912D98900096F89 /* DoubleSymb.cpp in Sources */,
				621F94741912D98900096F89 /* IntSymb.cpp in Sources */,
				621F94761912D98900096F89 /* Factor.cpp in Sources */,
			);
			runOnlyForDeploymentPostprocessing = 0;
		};
		62A3B71318F7546900B3E0DF /* Sources */ = {
			isa = PBXSourcesBuildPhase;
			buildActionMask = 2147483647;
			files = (
				62A3B72018F754BE00B3E0DF /* AdditionOp.cpp in Sources */,
				62A3B72118F754BE00B3E0DF /* MultOp.cpp in Sources */,
				62A3B72218F754BE00B3E0DF /* ExpOp.cpp in Sources */,
				62A3B72318F754BE00B3E0DF /* LeafOperand.cpp in Sources */,
				62A3B72418F754BE00B3E0DF /* DoubleSymb.cpp in Sources */,
				62A3B72518F754BE00B3E0DF /* IntSymb.cpp in Sources */,
				62A3B72618F754BE00B3E0DF /* Factor.cpp in Sources */,
				62F1E6C2193933A500A737E6 /* Test_Appen1.cpp in Sources */,
			);
			runOnlyForDeploymentPostprocessing = 0;
		};
		62C5DA9C183BCFF100ED0AD6 /* Sources */ = {
			isa = PBXSourcesBuildPhase;
			buildActionMask = 2147483647;
			files = (
				62C5DABB183C45B000ED0AD6 /* MultOp.cpp in Sources */,
				62C5DAB0183BD2F300ED0AD6 /* AdditionOp.cpp in Sources */,
				62C5DB241857855300ED0AD6 /* Factor.cpp in Sources */,
				62C5DB211856D52800ED0AD6 /* DoubleSymb.cpp in Sources */,
				62C5DAB8183BDB4B00ED0AD6 /* LeafOperand.cpp in Sources */,
				62C5DAAA183BD04900ED0AD6 /* DriverSLP.cpp in Sources */,
				62C5DABE183D38E300ED0AD6 /* ExpOp.cpp in Sources */,
				62B5AD14186A00C000CE37BE /* IntSymb.cpp in Sources */,
			);
			runOnlyForDeploymentPostprocessing = 0;
		};
/* End PBXSourcesBuildPhase section */

/* Begin XCBuildConfiguration section */
		621F93F1190AF58F00096F89 /* Debug */ = {
			isa = XCBuildConfiguration;
			buildSettings = {
				CLANG_ENABLE_MODULES = YES;
				GCC_PREPROCESSOR_DEFINITIONS = (
					"DEBUG=1",
					"$(inherited)",
				);
				GCC_WARN_UNINITIALIZED_AUTOS = YES_AGGRESSIVE;
				PRODUCT_NAME = "$(TARGET_NAME)";
			};
			name = Debug;
		};
		621F93F2190AF58F00096F89 /* Release */ = {
			isa = XCBuildConfiguration;
			buildSettings = {
				CLANG_ENABLE_MODULES = YES;
				GCC_WARN_UNINITIALIZED_AUTOS = YES_AGGRESSIVE;
				PRODUCT_NAME = "$(TARGET_NAME)";
			};
			name = Release;
		};
		621F9409190AFE7B00096F89 /* Debug */ = {
			isa = XCBuildConfiguration;
			buildSettings = {
				CLANG_ENABLE_MODULES = YES;
				GCC_PREPROCESSOR_DEFINITIONS = (
					"DEBUG=1",
					"$(inherited)",
				);
				GCC_WARN_UNINITIALIZED_AUTOS = YES_AGGRESSIVE;
				PRODUCT_NAME = "$(TARGET_NAME)";
			};
			name = Debug;
		};
		621F940A190AFE7B00096F89 /* Release */ = {
			isa = XCBuildConfiguration;
			buildSettings = {
				CLANG_ENABLE_MODULES = YES;
				GCC_WARN_UNINITIALIZED_AUTOS = YES_AGGRESSIVE;
				PRODUCT_NAME = "$(TARGET_NAME)";
			};
			name = Release;
		};
		621F9421190B0F5800096F89 /* Debug */ = {
			isa = XCBuildConfiguration;
			buildSettings = {
				CLANG_ENABLE_MODULES = YES;
				GCC_PREPROCESSOR_DEFINITIONS = (
					"DEBUG=1",
					"$(inherited)",
				);
				GCC_WARN_UNINITIALIZED_AUTOS = YES_AGGRESSIVE;
				PRODUCT_NAME = "$(TARGET_NAME)";
			};
			name = Debug;
		};
		621F9422190B0F5800096F89 /* Release */ = {
			isa = XCBuildConfiguration;
			buildSettings = {
				CLANG_ENABLE_MODULES = YES;
				GCC_WARN_UNINITIALIZED_AUTOS = YES_AGGRESSIVE;
				PRODUCT_NAME = "$(TARGET_NAME)";
			};
			name = Release;
		};
		621F94391910583000096F89 /* Debug */ = {
			isa = XCBuildConfiguration;
			buildSettings = {
				CLANG_ENABLE_MODULES = YES;
				GCC_PREPROCESSOR_DEFINITIONS = (
					"DEBUG=1",
					"$(inherited)",
				);
				GCC_WARN_UNINITIALIZED_AUTOS = YES_AGGRESSIVE;
				PRODUCT_NAME = "$(TARGET_NAME)";
			};
			name = Debug;
		};
		621F943A1910583000096F89 /* Release */ = {
			isa = XCBuildConfiguration;
			buildSettings = {
				CLANG_ENABLE_MODULES = YES;
				GCC_WARN_UNINITIALIZED_AUTOS = YES_AGGRESSIVE;
				PRODUCT_NAME = "$(TARGET_NAME)";
			};
			name = Release;
		};
		621F94541912B3AE00096F89 /* Debug */ = {
			isa = XCBuildConfiguration;
			buildSettings = {
				CLANG_ENABLE_MODULES = YES;
				GCC_PREPROCESSOR_DEFINITIONS = (
					"DEBUG=1",
					"$(inherited)",
				);
				GCC_WARN_UNINITIALIZED_AUTOS = YES_AGGRESSIVE;
				PRODUCT_NAME = "$(TARGET_NAME)";
			};
			name = Debug;
		};
		621F94551912B3AE00096F89 /* Release */ = {
			isa = XCBuildConfiguration;
			buildSettings = {
				CLANG_ENABLE_MODULES = YES;
				GCC_WARN_UNINITIALIZED_AUTOS = YES_AGGRESSIVE;
				PRODUCT_NAME = "$(TARGET_NAME)";
			};
			name = Release;
		};
		621F946A1912D33C00096F89 /* Debug */ = {
			isa = XCBuildConfiguration;
			buildSettings = {
				CLANG_ENABLE_MODULES = YES;
				GCC_PREPROCESSOR_DEFINITIONS = (
					"DEBUG=1",
					"$(inherited)",
				);
				GCC_WARN_UNINITIALIZED_AUTOS = YES_AGGRESSIVE;
				PRODUCT_NAME = "$(TARGET_NAME)";
			};
			name = Debug;
		};
		621F946B1912D33C00096F89 /* Release */ = {
			isa = XCBuildConfiguration;
			buildSettings = {
				CLANG_ENABLE_MODULES = YES;
				GCC_WARN_UNINITIALIZED_AUTOS = YES_AGGRESSIVE;
				PRODUCT_NAME = "$(TARGET_NAME)";
			};
			name = Release;
		};
		62A3B71D18F7546900B3E0DF /* Debug */ = {
			isa = XCBuildConfiguration;
			buildSettings = {
				CLANG_ENABLE_MODULES = YES;
				GCC_PREPROCESSOR_DEFINITIONS = (
					"DEBUG=1",
					"$(inherited)",
				);
				GCC_WARN_UNINITIALIZED_AUTOS = YES_AGGRESSIVE;
				HEADER_SEARCH_PATHS = (
					"$(inherited)",
					/Applications/Xcode.app/Contents/Developer/Toolchains/XcodeDefault.xctoolchain/usr/include,
					/Users/jbcolli2/Documents/Bertini/Boost/boost_1_55_0,
					/usr/local/include,
				);
				LIBRARY_SEARCH_PATHS = /usr/local/lib;
				OTHER_LDFLAGS = (
					"-lmpfr",
					"-lgmp",
				);
				PRODUCT_NAME = "$(TARGET_NAME)";
			};
			name = Debug;
		};
		62A3B71E18F7546900B3E0DF /* Release */ = {
			isa = XCBuildConfiguration;
			buildSettings = {
				CLANG_ENABLE_MODULES = YES;
				GCC_WARN_UNINITIALIZED_AUTOS = YES_AGGRESSIVE;
				HEADER_SEARCH_PATHS = (
					"$(inherited)",
					/Applications/Xcode.app/Contents/Developer/Toolchains/XcodeDefault.xctoolchain/usr/include,
					/Users/jbcolli2/Documents/Bertini/Boost/boost_1_55_0,
					/usr/local/include,
				);
				LIBRARY_SEARCH_PATHS = /usr/local/lib;
				OTHER_LDFLAGS = (
					"-lmpfr",
					"-lgmp",
				);
				PRODUCT_NAME = "$(TARGET_NAME)";
			};
			name = Release;
		};
		62C5DA8A183BCBEF00ED0AD6 /* Debug */ = {
			isa = XCBuildConfiguration;
			buildSettings = {
				ALWAYS_SEARCH_USER_PATHS = NO;
				CLANG_CXX_LANGUAGE_STANDARD = "gnu++0x";
				CLANG_CXX_LIBRARY = "libc++";
				CLANG_ENABLE_OBJC_ARC = YES;
				CLANG_WARN_BOOL_CONVERSION = YES;
				CLANG_WARN_CONSTANT_CONVERSION = YES;
				CLANG_WARN_DIRECT_OBJC_ISA_USAGE = YES_ERROR;
				CLANG_WARN_EMPTY_BODY = YES;
				CLANG_WARN_ENUM_CONVERSION = YES;
				CLANG_WARN_INT_CONVERSION = YES;
				CLANG_WARN_OBJC_ROOT_CLASS = YES_ERROR;
				CLANG_WARN__DUPLICATE_METHOD_MATCH = YES;
				COPY_PHASE_STRIP = NO;
				GCC_C_LANGUAGE_STANDARD = gnu99;
				GCC_DYNAMIC_NO_PIC = NO;
				GCC_ENABLE_OBJC_EXCEPTIONS = YES;
				GCC_OPTIMIZATION_LEVEL = 0;
				GCC_PREPROCESSOR_DEFINITIONS = (
					"DEBUG=1",
					"$(inherited)",
				);
				GCC_SYMBOLS_PRIVATE_EXTERN = NO;
				GCC_WARN_64_TO_32_BIT_CONVERSION = YES;
				GCC_WARN_ABOUT_RETURN_TYPE = YES_ERROR;
				GCC_WARN_UNDECLARED_SELECTOR = YES;
				GCC_WARN_UNINITIALIZED_AUTOS = YES;
				GCC_WARN_UNUSED_FUNCTION = YES;
				GCC_WARN_UNUSED_VARIABLE = YES;
				HEADER_SEARCH_PATHS = (
					"$(inherited)",
					/Applications/Xcode.app/Contents/Developer/Toolchains/XcodeDefault.xctoolchain/usr/include,
					/Users/jbcolli2/Documents/Bertini/Boost/boost_1_55_0,
					/usr/local/include,
					"/Users/jcollins/Documents/\"West Texas\"/Research/Bertini/Code/boost_1_56_0",
				);
				LIBRARY_SEARCH_PATHS = /usr/local/lib;
				MACOSX_DEPLOYMENT_TARGET = 10.9;
				ONLY_ACTIVE_ARCH = YES;
				OTHER_LDFLAGS = "";
				SDKROOT = macosx;
			};
			name = Debug;
		};
		62C5DA8B183BCBEF00ED0AD6 /* Release */ = {
			isa = XCBuildConfiguration;
			buildSettings = {
				ALWAYS_SEARCH_USER_PATHS = NO;
				CLANG_CXX_LANGUAGE_STANDARD = "gnu++0x";
				CLANG_CXX_LIBRARY = "libc++";
				CLANG_ENABLE_OBJC_ARC = YES;
				CLANG_WARN_BOOL_CONVERSION = YES;
				CLANG_WARN_CONSTANT_CONVERSION = YES;
				CLANG_WARN_DIRECT_OBJC_ISA_USAGE = YES_ERROR;
				CLANG_WARN_EMPTY_BODY = YES;
				CLANG_WARN_ENUM_CONVERSION = YES;
				CLANG_WARN_INT_CONVERSION = YES;
				CLANG_WARN_OBJC_ROOT_CLASS = YES_ERROR;
				CLANG_WARN__DUPLICATE_METHOD_MATCH = YES;
				COPY_PHASE_STRIP = YES;
				DEBUG_INFORMATION_FORMAT = "dwarf-with-dsym";
				ENABLE_NS_ASSERTIONS = NO;
				GCC_C_LANGUAGE_STANDARD = gnu99;
				GCC_ENABLE_OBJC_EXCEPTIONS = YES;
				GCC_WARN_64_TO_32_BIT_CONVERSION = YES;
				GCC_WARN_ABOUT_RETURN_TYPE = YES_ERROR;
				GCC_WARN_UNDECLARED_SELECTOR = YES;
				GCC_WARN_UNINITIALIZED_AUTOS = YES;
				GCC_WARN_UNUSED_FUNCTION = YES;
				GCC_WARN_UNUSED_VARIABLE = YES;
				HEADER_SEARCH_PATHS = (
					"$(inherited)",
					/Applications/Xcode.app/Contents/Developer/Toolchains/XcodeDefault.xctoolchain/usr/include,
					/Users/jbcolli2/Documents/Bertini/Boost/boost_1_55_0,
					/usr/local/include,
					"/Users/jcollins/Documents/\"West Texas\"/Research/Bertini/Code/boost_1_56_0",
				);
				LIBRARY_SEARCH_PATHS = /usr/local/lib;
				MACOSX_DEPLOYMENT_TARGET = 10.9;
				OTHER_LDFLAGS = "";
				SDKROOT = macosx;
			};
			name = Release;
		};
		62C5DAA7183BCFF100ED0AD6 /* Debug */ = {
			isa = XCBuildConfiguration;
			buildSettings = {
				GCC_PREPROCESSOR_DEFINITIONS = (
					"DEBUG=1",
					"$(inherited)",
				);
				HEADER_SEARCH_PATHS = (
					"$(inherited)",
					/Applications/Xcode.app/Contents/Developer/Toolchains/XcodeDefault.xctoolchain/usr/include,
					/Users/jbcolli2/Documents/West,
					Texas/Research/Bertini/Code/Boost/boost_1_55_0,
					/usr/local/include,
					/Users/jcollins/Documents/West,
					Texas/Research/Bertini/Code/Boost/boost_1_55_0,
				);
				LIBRARY_SEARCH_PATHS = /usr/local/lib;
				PRODUCT_NAME = "$(TARGET_NAME)";
			};
			name = Debug;
		};
		62C5DAA8183BCFF100ED0AD6 /* Release */ = {
			isa = XCBuildConfiguration;
			buildSettings = {
				HEADER_SEARCH_PATHS = (
					"$(inherited)",
					/Applications/Xcode.app/Contents/Developer/Toolchains/XcodeDefault.xctoolchain/usr/include,
					/Users/jbcolli2/Documents/West,
					Texas/Research/Bertini/Code/Boost/boost_1_55_0,
					/usr/local/include,
					/Users/jcollins/Documents/West,
					Texas/Research/Bertini/Code/Boost/boost_1_55_0,
				);
				LIBRARY_SEARCH_PATHS = /usr/local/lib;
				PRODUCT_NAME = "$(TARGET_NAME)";
			};
			name = Release;
		};
/* End XCBuildConfiguration section */

/* Begin XCConfigurationList section */
		621F93F0190AF58F00096F89 /* Build configuration list for PBXNativeTarget "Test_Appen2" */ = {
			isa = XCConfigurationList;
			buildConfigurations = (
				621F93F1190AF58F00096F89 /* Debug */,
				621F93F2190AF58F00096F89 /* Release */,
			);
			defaultConfigurationIsVisible = 0;
			defaultConfigurationName = Release;
		};
		621F9408190AFE7B00096F89 /* Build configuration list for PBXNativeTarget "Test_Appen3" */ = {
			isa = XCConfigurationList;
			buildConfigurations = (
				621F9409190AFE7B00096F89 /* Debug */,
				621F940A190AFE7B00096F89 /* Release */,
			);
			defaultConfigurationIsVisible = 0;
			defaultConfigurationName = Release;
		};
		621F9420190B0F5800096F89 /* Build configuration list for PBXNativeTarget "Test_Appen13" */ = {
			isa = XCConfigurationList;
			buildConfigurations = (
				621F9421190B0F5800096F89 /* Debug */,
				621F9422190B0F5800096F89 /* Release */,
			);
			defaultConfigurationIsVisible = 0;
			defaultConfigurationName = Release;
		};
		621F94381910583000096F89 /* Build configuration list for PBXNativeTarget "Test_Res5_3" */ = {
			isa = XCConfigurationList;
			buildConfigurations = (
				621F94391910583000096F89 /* Debug */,
				621F943A1910583000096F89 /* Release */,
			);
			defaultConfigurationIsVisible = 0;
			defaultConfigurationName = Release;
		};
		621F94531912B3AE00096F89 /* Build configuration list for PBXNativeTarget "Test_Res3_3" */ = {
			isa = XCConfigurationList;
			buildConfigurations = (
				621F94541912B3AE00096F89 /* Debug */,
				621F94551912B3AE00096F89 /* Release */,
			);
			defaultConfigurationIsVisible = 0;
			defaultConfigurationName = Release;
		};
		621F94691912D33C00096F89 /* Build configuration list for PBXNativeTarget "Test_Diff" */ = {
			isa = XCConfigurationList;
			buildConfigurations = (
				621F946A1912D33C00096F89 /* Debug */,
				621F946B1912D33C00096F89 /* Release */,
			);
			defaultConfigurationIsVisible = 0;
			defaultConfigurationName = Release;
		};
		62A3B71F18F7546A00B3E0DF /* Build configuration list for PBXNativeTarget "Test_Appen1" */ = {
			isa = XCConfigurationList;
			buildConfigurations = (
				62A3B71D18F7546900B3E0DF /* Debug */,
				62A3B71E18F7546900B3E0DF /* Release */,
			);
			defaultConfigurationIsVisible = 0;
			defaultConfigurationName = Release;
		};
		62C5DA7E183BCBEE00ED0AD6 /* Build configuration list for PBXProject "Bertini2" */ = {
			isa = XCConfigurationList;
			buildConfigurations = (
				62C5DA8A183BCBEF00ED0AD6 /* Debug */,
				62C5DA8B183BCBEF00ED0AD6 /* Release */,
			);
			defaultConfigurationIsVisible = 0;
			defaultConfigurationName = Release;
		};
		62C5DAA6183BCFF100ED0AD6 /* Build configuration list for PBXNativeTarget "SLP" */ = {
			isa = XCConfigurationList;
			buildConfigurations = (
				62C5DAA7183BCFF100ED0AD6 /* Debug */,
				62C5DAA8183BCFF100ED0AD6 /* Release */,
			);
			defaultConfigurationIsVisible = 0;
			defaultConfigurationName = Release;
		};
/* End XCConfigurationList section */
	};
	rootObject = 62C5DA7B183BCBEE00ED0AD6 /* Project object */;
}
